
Microsoft Visual Studio Solution File, Format Version 12.00
# Visual Studio Version 16
VisualStudioVersion = 16.0.29503.13
MinimumVisualStudioVersion = 10.0.40219.1
Project("{8BC9CEB8-8B4A-11D0-8D11-00A0C91BC942}") = "TANK1990", "TANK1990.vcxproj", "{BB995DC0-3CB9-4C10-AC70-A05574CCE38D}"
EndProject
Global
	GlobalSection(SolutionConfigurationPlatforms) = preSolution
		Debug|x64 = Debug|x64
		Debug|x86 = Debug|x86
		Release|x64 = Release|x64
		Release|x86 = Release|x86
	EndGlobalSection
	GlobalSection(ProjectConfigurationPlatforms) = postSolution
		{BB995DC0-3CB9-4C10-AC70-A05574CCE38D}.Debug|x64.ActiveCfg = Debug|x64
		{BB995DC0-3CB9-4C10-AC70-A05574CCE38D}.Debug|x64.Build.0 = Debug|x64
		{BB995DC0-3CB9-4C10-AC70-A05574CCE38D}.Debug|x86.ActiveCfg = Debug|Win32
		{BB995DC0-3CB9-4C10-AC70-A05574CCE38D}.Debug|x86.Build.0 = Debug|Win32
		{BB995DC0-3CB9-4C10-AC70-A05574CCE38D}.Release|x64.ActiveCfg = Release|x64
		{BB995DC0-3CB9-4C10-AC70-A05574CCE38D}.Release|x64.Build.0 = Release|x64
		{BB995DC0-3CB9-4C10-AC70-A05574CCE38D}.Release|x86.ActiveCfg = Release|Win32
		{BB995DC0-3CB9-4C10-AC70-A05574CCE38D}.Release|x86.Build.0 = Release|Win32
	EndGlobalSection
	GlobalSection(SolutionProperties) = preSolution
		HideSolutionNode = FALSE
	EndGlobalSection
	GlobalSection(ExtensibilityGlobals) = postSolution
		SolutionGuid = {BF763513-F0D2-4B5C-9781-A39A85FC56CF}
	EndGlobalSection
EndGlobal
